
Microsoft Visual Studio Solution File, Format Version 12.00
# Visual Studio Version 17
VisualStudioVersion = 17.9.34616.47
MinimumVisualStudioVersion = 10.0.40219.1
Project("{9A19103F-16F7-4668-BE54-9A1E7A4F7556}") = "RAG.Loader", "RAG\RAG.Loader.csproj", "{5FC02DF4-5572-4CE7-B3A2-1C6480B3A41C}"
EndProject
Project("{9A19103F-16F7-4668-BE54-9A1E7A4F7556}") = "RAG2", "RAG2\RAG2.csproj", "{2038F764-C06A-4D32-90FB-C164A456E811}"
EndProject
Project("{9A19103F-16F7-4668-BE54-9A1E7A4F7556}") = "RAG3", "RAG3\RAG3.csproj", "{6C8F1501-6B9B-4AE9-A428-37799B0E94C3}"
EndProject
Project("{9A19103F-16F7-4668-BE54-9A1E7A4F7556}") = "RAG4", "RAG4\RAG4.csproj", "{9303721D-8D59-4FC3-A9EB-EC60FBB97260}"
EndProject
Project("{9A19103F-16F7-4668-BE54-9A1E7A4F7556}") = "RAG6", "RAG6\RAG6.csproj", "{2BB5F319-A0EB-4B8D-AADC-747792943033}"
EndProject
Project("{9A19103F-16F7-4668-BE54-9A1E7A4F7556}") = "RAG7", "RAG7\RAG7.csproj", "{08AFFF67-2116-415F-A841-1A996FE5C6BB}"
EndProject
Project("{FAE04EC0-301F-11D3-BF4B-00C04F79EFBC}") = "RAG8", "RAG8\RAG8.csproj", "{19F23FB8-52D5-40C7-86BB-0E5798FA32FA}"
EndProject
Global
	GlobalSection(SolutionConfigurationPlatforms) = preSolution
		Debug|Any CPU = Debug|Any CPU
		Release|Any CPU = Release|Any CPU
	EndGlobalSection
	GlobalSection(ProjectConfigurationPlatforms) = postSolution
		{5FC02DF4-5572-4CE7-B3A2-1C6480B3A41C}.Debug|Any CPU.ActiveCfg = Debug|Any CPU
		{5FC02DF4-5572-4CE7-B3A2-1C6480B3A41C}.Debug|Any CPU.Build.0 = Debug|Any CPU
		{5FC02DF4-5572-4CE7-B3A2-1C6480B3A41C}.Release|Any CPU.ActiveCfg = Release|Any CPU
		{5FC02DF4-5572-4CE7-B3A2-1C6480B3A41C}.Release|Any CPU.Build.0 = Release|Any CPU
		{2038F764-C06A-4D32-90FB-C164A456E811}.Debug|Any CPU.ActiveCfg = Debug|Any CPU
		{2038F764-C06A-4D32-90FB-C164A456E811}.Debug|Any CPU.Build.0 = Debug|Any CPU
		{2038F764-C06A-4D32-90FB-C164A456E811}.Release|Any CPU.ActiveCfg = Release|Any CPU
		{2038F764-C06A-4D32-90FB-C164A456E811}.Release|Any CPU.Build.0 = Release|Any CPU
		{6C8F1501-6B9B-4AE9-A428-37799B0E94C3}.Debug|Any CPU.ActiveCfg = Debug|Any CPU
		{6C8F1501-6B9B-4AE9-A428-37799B0E94C3}.Debug|Any CPU.Build.0 = Debug|Any CPU
		{6C8F1501-6B9B-4AE9-A428-37799B0E94C3}.Release|Any CPU.ActiveCfg = Release|Any CPU
		{6C8F1501-6B9B-4AE9-A428-37799B0E94C3}.Release|Any CPU.Build.0 = Release|Any CPU
		{9303721D-8D59-4FC3-A9EB-EC60FBB97260}.Debug|Any CPU.ActiveCfg = Debug|Any CPU
		{9303721D-8D59-4FC3-A9EB-EC60FBB97260}.Debug|Any CPU.Build.0 = Debug|Any CPU
		{9303721D-8D59-4FC3-A9EB-EC60FBB97260}.Release|Any CPU.ActiveCfg = Release|Any CPU
		{9303721D-8D59-4FC3-A9EB-EC60FBB97260}.Release|Any CPU.Build.0 = Release|Any CPU
		{2BB5F319-A0EB-4B8D-AADC-747792943033}.Debug|Any CPU.ActiveCfg = Debug|Any CPU
		{2BB5F319-A0EB-4B8D-AADC-747792943033}.Debug|Any CPU.Build.0 = Debug|Any CPU
		{2BB5F319-A0EB-4B8D-AADC-747792943033}.Release|Any CPU.ActiveCfg = Release|Any CPU
		{2BB5F319-A0EB-4B8D-AADC-747792943033}.Release|Any CPU.Build.0 = Release|Any CPU
		{08AFFF67-2116-415F-A841-1A996FE5C6BB}.Debug|Any CPU.ActiveCfg = Debug|Any CPU
		{08AFFF67-2116-415F-A841-1A996FE5C6BB}.Debug|Any CPU.Build.0 = Debug|Any CPU
		{08AFFF67-2116-415F-A841-1A996FE5C6BB}.Release|Any CPU.ActiveCfg = Release|Any CPU
		{08AFFF67-2116-415F-A841-1A996FE5C6BB}.Release|Any CPU.Build.0 = Release|Any CPU
		{19F23FB8-52D5-40C7-86BB-0E5798FA32FA}.Debug|Any CPU.ActiveCfg = Debug|Any CPU
		{19F23FB8-52D5-40C7-86BB-0E5798FA32FA}.Debug|Any CPU.Build.0 = Debug|Any CPU
		{19F23FB8-52D5-40C7-86BB-0E5798FA32FA}.Release|Any CPU.ActiveCfg = Release|Any CPU
		{19F23FB8-52D5-40C7-86BB-0E5798FA32FA}.Release|Any CPU.Build.0 = Release|Any CPU
	EndGlobalSection
	GlobalSection(SolutionProperties) = preSolution
		HideSolutionNode = FALSE
	EndGlobalSection
	GlobalSection(ExtensibilityGlobals) = postSolution
		SolutionGuid = {C68C4E93-5E34-44CC-96AA-5732FCE1A02F}
	EndGlobalSection
EndGlobal
